lockfileVersion: '9.0'

settings:
  autoInstallPeers: true
  excludeLinksFromLockfile: false

importers:

  .:
    devDependencies:
      '@expo-google-fonts/playfair-display':
        specifier: ^0.4.1
        version: 0.4.2

packages:

  '@expo-google-fonts/playfair-display@0.4.2':
    resolution: {integrity: sha512-mWhBV59RUjSS3aYpytUb7UyHHTnXcHh7epAn7gq+M4XAEh5PuMKUrP8eiUfkJLb6UwHZCi7EhQpUzxHu5OL96w==}

snapshots:

  '@expo-google-fonts/playfair-display@0.4.2': {}
