lockfileVersion: '9.0'

settings:
  autoInstallPeers: true
  excludeLinksFromLockfile: false

importers:

  .:
    devDependencies:
      '@expo-google-fonts/fraunces':
        specifier: ^0.4.1
        version: 0.4.1

packages:

  '@expo-google-fonts/fraunces@0.4.1':
    resolution: {integrity: sha512-gYc9P92ObyWvz1rWPOeWSvVKyBFIuA8hgOdhvo4DSiPBaWLbFA6v8uLIEIBwW+0oWTlXbBzjeBReHQI2H7UNjQ==}

snapshots:

  '@expo-google-fonts/fraunces@0.4.1': {}
