lockfileVersion: '9.0'

settings:
  autoInstallPeers: true
  excludeLinksFromLockfile: false

importers:

  .:
    devDependencies:
      '@expo-google-fonts/inter':
        specifier: ^0.4.2
        version: 0.4.2
      '@fontsource/fraunces':
        specifier: ^5.2.0
        version: 5.3.0
      '@fontsource/ibm-plex-sans':
        specifier: ^5.2.0
        version: 5.3.0
      '@fontsource/inter':
        specifier: ^5.2.0
        version: 5.3.0
      '@fontsource/lora':
        specifier: ^5.2.0
        version: 5.3.0
      '@fontsource/manrope':
        specifier: ^5.2.0
        version: 5.3.0
      '@fontsource/source-serif-4':
        specifier: ^5.2.0
        version: 5.3.0

packages:

  '@expo-google-fonts/inter@0.4.2':
    resolution: {integrity: sha512-syfiImMaDmq7cFi0of+waE2M4uSCyd16zgyWxdPOY7fN2VBmSLKEzkfbZgeOjJq61kSqPBNNtXjggiQiSD6gMQ==}

  '@fontsource/fraunces@5.3.0':
    resolution: {integrity: sha512-LEHTOBiZufQzAvnAe2rZ8ZknbDS28Q9kzwb0L+gZJEmjLGr8hhZ/5NuHXwDuHBWhVXYoiGGXmrb0H6Ko/RrHTg==}

  '@fontsource/ibm-plex-sans@5.3.0':
    resolution: {integrity: sha512-CbE4CbbEEZJX860XyUiRpsksXIQR8Rp2XDva2VO53NJox9tVNtusrysd2x5YkUEY3ErQ66W1IiiQL8/wihhw5w==}

  '@fontsource/inter@5.3.0':
    resolution: {integrity: sha512-RofMylZmjlJEfELXeNHFWBRcSs75rGU/6bV2S2jfnvv/3rPXPGe0LgUJTklcHZ9lM4OZmAVFhcJPnACfb91A3g==}

  '@fontsource/lora@5.3.0':
    resolution: {integrity: sha512-OK1g1z01rHVPqO5aw/FOIoDqc46KKYZdgL3NOLkxLWDk6QhDHhdr/h2BV1cke6gTvR1tzpDfdKyUkGsC+sQLeQ==}

  '@fontsource/manrope@5.3.0':
    resolution: {integrity: sha512-obJ1Dv3+uCA6HlHgW8u4BGYxJR9In2HW7gjJhlflEvkrj1X1iSEwu0fToL+JYGC/FEKFfIz1sBuPduvcL2gIAA==}

  '@fontsource/source-serif-4@5.3.0':
    resolution: {integrity: sha512-yQz8xmIgMzks8zQbpuca3UYtjxK798XCyQAGdDXmzBgvV7sdoK6d0YvE9F9kiYxORCEMRBgGZDZsSYcXj5KvwA==}

snapshots:

  '@expo-google-fonts/inter@0.4.2': {}

  '@fontsource/fraunces@5.3.0': {}

  '@fontsource/ibm-plex-sans@5.3.0': {}

  '@fontsource/inter@5.3.0': {}

  '@fontsource/lora@5.3.0': {}

  '@fontsource/manrope@5.3.0': {}

  '@fontsource/source-serif-4@5.3.0': {}
