lockfileVersion: '9.0'

settings:
  autoInstallPeers: true
  excludeLinksFromLockfile: false

importers:

  .:
    devDependencies:
      '@expo-google-fonts/space-grotesk':
        specifier: ^0.4.1
        version: 0.4.1

packages:

  '@expo-google-fonts/space-grotesk@0.4.1':
    resolution: {integrity: sha512-ZVQYw4Ok/pgcSJiufP8oRZE3AVxS9xtmKEUfsurbHkHNdMc/GA1gDXP9G4Cr7KL4KqSc0haexR2TuMigotCn4Q==}

snapshots:

  '@expo-google-fonts/space-grotesk@0.4.1': {}
