lockfileVersion: '9.0'

settings:
  autoInstallPeers: true
  excludeLinksFromLockfile: false

importers:

  .:
    devDependencies:
      '@expo-google-fonts/inter':
        specifier: ^0.4.2
        version: 0.4.2
      '@fontsource-variable/geist':
        specifier: ^5.2.0
        version: 5.3.0
      '@fontsource-variable/geist-mono':
        specifier: ^5.2.0
        version: 5.3.0
      '@fontsource-variable/inter':
        specifier: ^5.2.0
        version: 5.3.0
      '@fontsource-variable/inter-tight':
        specifier: ^5.2.0
        version: 5.3.0
      '@fontsource-variable/manrope':
        specifier: ^5.2.0
        version: 5.3.0

packages:

  '@expo-google-fonts/inter@0.4.2':
    resolution: {integrity: sha512-syfiImMaDmq7cFi0of+waE2M4uSCyd16zgyWxdPOY7fN2VBmSLKEzkfbZgeOjJq61kSqPBNNtXjggiQiSD6gMQ==}

  '@fontsource-variable/geist-mono@5.3.0':
    resolution: {integrity: sha512-vBbuwDEo9AkrqADMXOrlAR3DFcJi4/JxeuU43FoiQERnNwsfXNnvxvReZG02cQKmyk4DZkZdBZX3oTDvy2zBAw==}

  '@fontsource-variable/geist@5.3.0':
    resolution: {integrity: sha512-j0m+vLQuG5XAYoHtGCVu0spvlGreR3EzpECUVzkFmI1mTVnAO38l/NEPDCFgZ177JxzYJCLSmTQibIiYPilGrA==}

  '@fontsource-variable/inter-tight@5.3.0':
    resolution: {integrity: sha512-ZhZZ29sNZ15P1K+cUt13GeBRYON0akgmNiftshUeDLos7X7zGcRgPzt434879Xhq1QbwlW3M/apBMk7jWabwvA==}

  '@fontsource-variable/inter@5.3.0':
    resolution: {integrity: sha512-OupL48va4JNofb97w6NYeF9S7W/kHNKM0Er8Dem5nqi4jeOLrVJDoE8tZEpnMJmtkvNbB1EIPPwHcdkF6b1oUA==}

  '@fontsource-variable/manrope@5.3.0':
    resolution: {integrity: sha512-6D5dgokHsWDDMtmXHznKa0hK229NN+1a4BLPmUCLqcO1Pw5EEhWY5RFt0AcXnVRAljFFPfRtLkJePQj6LSsV6g==}

snapshots:

  '@expo-google-fonts/inter@0.4.2': {}

  '@fontsource-variable/geist-mono@5.3.0': {}

  '@fontsource-variable/geist@5.3.0': {}

  '@fontsource-variable/inter-tight@5.3.0': {}

  '@fontsource-variable/inter@5.3.0': {}

  '@fontsource-variable/manrope@5.3.0': {}
