lockfileVersion: '9.0'

settings:
  autoInstallPeers: true
  excludeLinksFromLockfile: false

importers:

  .:
    devDependencies:
      '@expo-google-fonts/inter':
        specifier: ^0.4.2
        version: 0.4.2

packages:

  '@expo-google-fonts/inter@0.4.2':
    resolution: {integrity: sha512-syfiImMaDmq7cFi0of+waE2M4uSCyd16zgyWxdPOY7fN2VBmSLKEzkfbZgeOjJq61kSqPBNNtXjggiQiSD6gMQ==}

snapshots:

  '@expo-google-fonts/inter@0.4.2': {}
