lockfileVersion: '9.0'

settings:
  autoInstallPeers: true
  excludeLinksFromLockfile: false

importers:

  .:
    devDependencies:
      '@expo-google-fonts/inter':
        specifier: ^0.4.2
        version: 0.4.2
      '@fontsource-variable/atkinson-hyperlegible-next':
        specifier: ^5.3.0
        version: 5.3.0
      '@fontsource-variable/bricolage-grotesque':
        specifier: ^5.2.0
        version: 5.3.0
      '@fontsource-variable/dm-sans':
        specifier: ^5.2.0
        version: 5.3.0
      '@fontsource-variable/fraunces':
        specifier: ^5.2.0
        version: 5.3.0
      '@fontsource-variable/instrument-sans':
        specifier: ^5.2.0
        version: 5.3.0
      '@fontsource-variable/inter':
        specifier: ^5.2.0
        version: 5.3.0
      '@fontsource-variable/jetbrains-mono':
        specifier: ^5.2.0
        version: 5.3.0
      '@fontsource-variable/manrope':
        specifier: ^5.3.0
        version: 5.3.0
      '@fontsource-variable/newsreader':
        specifier: ^5.2.0
        version: 5.3.0
      '@fontsource-variable/open-sans':
        specifier: ^5.3.0
        version: 5.3.0
      '@fontsource-variable/roboto':
        specifier: ^5.3.0
        version: 5.3.0
      '@fontsource-variable/roboto-condensed':
        specifier: ^5.3.0
        version: 5.3.0
      '@fontsource-variable/roboto-slab':
        specifier: ^5.3.0
        version: 5.3.0
      '@fontsource-variable/source-sans-3':
        specifier: ^5.3.0
        version: 5.3.0
      '@fontsource-variable/space-grotesk':
        specifier: ^5.2.0
        version: 5.3.0
      '@fontsource/instrument-serif':
        specifier: ^5.2.0
        version: 5.3.0
      '@fontsource/lato':
        specifier: ^5.3.0
        version: 5.3.0
      '@fontsource/poppins':
        specifier: ^5.3.0
        version: 5.3.0
      '@fontsource/pt-sans':
        specifier: ^5.3.0
        version: 5.3.0

packages:

  '@expo-google-fonts/inter@0.4.2':
    resolution: {integrity: sha512-syfiImMaDmq7cFi0of+waE2M4uSCyd16zgyWxdPOY7fN2VBmSLKEzkfbZgeOjJq61kSqPBNNtXjggiQiSD6gMQ==}

  '@fontsource-variable/atkinson-hyperlegible-next@5.3.0':
    resolution: {integrity: sha512-UnLzNUy1RWoLDfydAatP4NaRm99X/WbQEph7q/PymJnCFIOOwKOx3pBmp5ys8trO0dM+CKGuJgeZP9fAR4mQpA==}

  '@fontsource-variable/bricolage-grotesque@5.3.0':
    resolution: {integrity: sha512-TLi9Q4hJjS2UvoTMRSS2nHu6c4R56lAw60NR9QYtVRCHn0XtsFpiEhNffZ8Glsoxu6wEEwLKBP8lb94J52PNBA==}

  '@fontsource-variable/dm-sans@5.3.0':
    resolution: {integrity: sha512-BpUG5bqePiDFMBM4ZtLSlPdAIOM990uB1dlXzIf4aw21yQR7BmykedLXXXMqGWsR18aMLOsbWccwJNh3ztTQaA==}

  '@fontsource-variable/fraunces@5.3.0':
    resolution: {integrity: sha512-9BYGySn4AHEJdgp9Z28tQ3X+laJMEOITXkQarZXeloWQZDq5oOvXJ3kDA8c7MGIfpogIaZfjrQBqmda8POOCKA==}

  '@fontsource-variable/instrument-sans@5.3.0':
    resolution: {integrity: sha512-u4gKbDBTNFGkg997tfQn3eHOhHuquWUFTRT/rwzuKtrxX5P2ekfs2x+LgBPP4P32+cC+vUwF1Cr+IdRoPQbrGw==}

  '@fontsource-variable/inter@5.3.0':
    resolution: {integrity: sha512-OupL48va4JNofb97w6NYeF9S7W/kHNKM0Er8Dem5nqi4jeOLrVJDoE8tZEpnMJmtkvNbB1EIPPwHcdkF6b1oUA==}

  '@fontsource-variable/jetbrains-mono@5.3.0':
    resolution: {integrity: sha512-F32xpS2NsGYoQi2ADSkKTgpJj7ozajsGgDJ8woTnqjmIB+dxDIqImjl4pXZVEExu8UFZ2ndhmX18EBS/hdz3Lw==}

  '@fontsource-variable/manrope@5.3.0':
    resolution: {integrity: sha512-6D5dgokHsWDDMtmXHznKa0hK229NN+1a4BLPmUCLqcO1Pw5EEhWY5RFt0AcXnVRAljFFPfRtLkJePQj6LSsV6g==}

  '@fontsource-variable/newsreader@5.3.0':
    resolution: {integrity: sha512-rrzYi43qMpbzwuFtf9OkWH8sxAPVPcQQQEwXpPtwaKYeJ8yVg5aLs5kawmo1f2Q1t1M38TLmEKCkGVDsYwgdFw==}

  '@fontsource-variable/open-sans@5.3.0':
    resolution: {integrity: sha512-VOfhZfLIOBVa6K/dTEu7scqQXYdGa4jBX8quFpQ0S6574B+W2EOBJf9PkqyVtMEI7WWIWNEbpvPc3vY1mN2mmQ==}

  '@fontsource-variable/roboto-condensed@5.3.0':
    resolution: {integrity: sha512-RpYyF6G0h0nsVcCDLRIbZbK+l8cVDoe1PVbzvzVhtLzCiPqIEEGDs9xB9ZWPJawKS4bJzpKn42KgZFISF/AOuQ==}

  '@fontsource-variable/roboto-slab@5.3.0':
    resolution: {integrity: sha512-eByKAjLM9td0qsXCOZhlUGfhsjen//epd6/cAJOg+o73RtYBijrI1jz+lTp2X0ebwTCLmKB1+Kt/QiRMgmNPTw==}

  '@fontsource-variable/roboto@5.3.0':
    resolution: {integrity: sha512-BoaaZiQf8fgtxv07KXkTwx1bKz/EoqIlTXq2OOKKXINxp6qXWdnlChqV+hSaDANS49yyUASFl3OVBMMDTCIHFA==}

  '@fontsource-variable/source-sans-3@5.3.0':
    resolution: {integrity: sha512-dpi0GZk7EQe2tYpg6Q0Fx0OmUgnuGu+0rHPgtXqtKhglYmJuP7jZ12Mu1uN+NfRaJRY1Emn8AQJEWzmoZ4wa9g==}

  '@fontsource-variable/space-grotesk@5.3.0':
    resolution: {integrity: sha512-2IxmvfB08i9vnGB3Ym/AXvhRE+8XOjWMXIyDum03c+tPwH0FUoMNQfGpU8NXPxjbws0Vvss3AH0Zqt4oJBBAdw==}

  '@fontsource/instrument-serif@5.3.0':
    resolution: {integrity: sha512-mDiaIg0u67sYV59fie92Wz4sM8UiVlbL7fLxnFPCKkX15DMASEnQTREbaP5S5/3DCcsoAOcQ0sV9E4AeY4QqYQ==}

  '@fontsource/lato@5.3.0':
    resolution: {integrity: sha512-0WhF/4rhrw+ErIyneKvhHn2YAl+xf8GDtllgOgOzDmeaSlLQtjpChXaQOpWhG2BchQW0WJy2zLV12Hdg0ndOMw==}

  '@fontsource/poppins@5.3.0':
    resolution: {integrity: sha512-cms1nM7U6SN8epIV1WMVOV8VsA645aSm3wHfzIQnkk188U341ThbJGSl2Sv54V29gnDbT2arMPfLzvVIIVCceQ==}

  '@fontsource/pt-sans@5.3.0':
    resolution: {integrity: sha512-qisFKuquwSWlELeuQHQldOa4oSxDAOFpak2hj3FjFcdo4eCUGV0trhIBk3qt+Py50L8JKWHKnnL7/JPxRH0TPw==}

snapshots:

  '@expo-google-fonts/inter@0.4.2': {}

  '@fontsource-variable/atkinson-hyperlegible-next@5.3.0': {}

  '@fontsource-variable/bricolage-grotesque@5.3.0': {}

  '@fontsource-variable/dm-sans@5.3.0': {}

  '@fontsource-variable/fraunces@5.3.0': {}

  '@fontsource-variable/instrument-sans@5.3.0': {}

  '@fontsource-variable/inter@5.3.0': {}

  '@fontsource-variable/jetbrains-mono@5.3.0': {}

  '@fontsource-variable/manrope@5.3.0': {}

  '@fontsource-variable/newsreader@5.3.0': {}

  '@fontsource-variable/open-sans@5.3.0': {}

  '@fontsource-variable/roboto-condensed@5.3.0': {}

  '@fontsource-variable/roboto-slab@5.3.0': {}

  '@fontsource-variable/roboto@5.3.0': {}

  '@fontsource-variable/source-sans-3@5.3.0': {}

  '@fontsource-variable/space-grotesk@5.3.0': {}

  '@fontsource/instrument-serif@5.3.0': {}

  '@fontsource/lato@5.3.0': {}

  '@fontsource/poppins@5.3.0': {}

  '@fontsource/pt-sans@5.3.0': {}
