lockfileVersion: '9.0'

settings:
  autoInstallPeers: true
  excludeLinksFromLockfile: false

importers:

  .:
    devDependencies:
      '@expo-google-fonts/outfit':
        specifier: ^0.4.3
        version: 0.4.3
      '@fontsource-variable/figtree':
        specifier: ^5.2.0
        version: 5.3.0
      '@fontsource-variable/outfit':
        specifier: ^5.2.0
        version: 5.3.0
      '@fontsource-variable/sora':
        specifier: ^5.2.0
        version: 5.3.0
      '@fontsource-variable/urbanist':
        specifier: ^5.2.0
        version: 5.3.0

packages:

  '@expo-google-fonts/outfit@0.4.3':
    resolution: {integrity: sha512-2uQmDVJencWLllxds6SG92E+SjxyZfvg7eZKZ5XLHggmm5AuUyQK7lzMAFOUzT6kheq2kJ7BAiubMdjKT32fJg==}

  '@fontsource-variable/figtree@5.3.0':
    resolution: {integrity: sha512-VRVodD7OiG7apQwE8/2fMjaqpY/a0qRJqL5HtYj8CKIVps+9amaFcdfKmDIf7iqYQx6iPLlArVXAfKeIZmVcNQ==}

  '@fontsource-variable/outfit@5.3.0':
    resolution: {integrity: sha512-fPb5XnYK0k7SbR++HEmm4+ZqDszmLKQ+sPRUr8oQ/KNC0vy6r6hazJFe8iYozv4cqlHbvJ/JECkJWrfDodUMVQ==}

  '@fontsource-variable/sora@5.3.0':
    resolution: {integrity: sha512-h8kHta4Z8SkfUGeI82TUy1n3rbrKpBRGwuk4t4qCwto5oEHxlbOFD2yGP+Df5fbmTXwKGn+o667vYp0E4K8Whw==}

  '@fontsource-variable/urbanist@5.3.0':
    resolution: {integrity: sha512-riHbcRgoOhEdCwVw3n3R1JLEwvRD1N9GlXtBcwl/UJ2KabfyDBuryE2Yq10308QJgbXw3F/IFF+VoMuuqwVfIA==}

snapshots:

  '@expo-google-fonts/outfit@0.4.3': {}

  '@fontsource-variable/figtree@5.3.0': {}

  '@fontsource-variable/outfit@5.3.0': {}

  '@fontsource-variable/sora@5.3.0': {}

  '@fontsource-variable/urbanist@5.3.0': {}
