lockfileVersion: '9.0'

settings:
  autoInstallPeers: true
  excludeLinksFromLockfile: false

importers:

  .:
    devDependencies:
      '@expo-google-fonts/outfit':
        specifier: ^0.4.3
        version: 0.4.3

packages:

  '@expo-google-fonts/outfit@0.4.3':
    resolution: {integrity: sha512-2uQmDVJencWLllxds6SG92E+SjxyZfvg7eZKZ5XLHggmm5AuUyQK7lzMAFOUzT6kheq2kJ7BAiubMdjKT32fJg==}

snapshots:

  '@expo-google-fonts/outfit@0.4.3': {}
